
Microsoft Visual Studio Solution File, Format Version 12.00
# Visual Studio 15
VisualStudioVersion = 15.0.28010.2046
MinimumVisualStudioVersion = 10.0.40219.1
Project("{8BC9CEB8-8B4A-11D0-8D11-00A0C91BC942}") = "netcat", "netcat\netcat.vcxproj", "{4B60F044-BAA7-43A0-94FF-2029EAB0C89D}"
EndProject
Global
	GlobalSection(SolutionConfigurationPlatforms) = preSolution
		Debug (with -e option)|x64 = Debug (with -e option)|x64
		Debug (with -e option)|x86 = Debug (with -e option)|x86
		Debug Static (with -e option)|x64 = Debug Static (with -e option)|x64
		Debug Static (with -e option)|x86 = Debug Static (with -e option)|x86
		Debug Static|x64 = Debug Static|x64
		Debug Static|x86 = Debug Static|x86
		Debug|x64 = Debug|x64
		Debug|x86 = Debug|x86
		Release (with -e option)|x64 = Release (with -e option)|x64
		Release (with -e option)|x86 = Release (with -e option)|x86
		Release Static (with -e option)|x64 = Release Static (with -e option)|x64
		Release Static (with -e option)|x86 = Release Static (with -e option)|x86
		Release Static|x64 = Release Static|x64
		Release Static|x86 = Release Static|x86
		Release|x64 = Release|x64
		Release|x86 = Release|x86
	EndGlobalSection
	GlobalSection(ProjectConfigurationPlatforms) = postSolution
		{4B60F044-BAA7-43A0-94FF-2029EAB0C89D}.Debug (with -e option)|x64.ActiveCfg = Debug (with -e option)|x64
		{4B60F044-BAA7-43A0-94FF-2029EAB0C89D}.Debug (with -e option)|x64.Build.0 = Debug (with -e option)|x64
		{4B60F044-BAA7-43A0-94FF-2029EAB0C89D}.Debug (with -e option)|x86.ActiveCfg = Debug (with -e option)|Win32
		{4B60F044-BAA7-43A0-94FF-2029EAB0C89D}.Debug (with -e option)|x86.Build.0 = Debug (with -e option)|Win32
		{4B60F044-BAA7-43A0-94FF-2029EAB0C89D}.Debug Static (with -e option)|x64.ActiveCfg = Debug Static (with -e option)|x64
		{4B60F044-BAA7-43A0-94FF-2029EAB0C89D}.Debug Static (with -e option)|x64.Build.0 = Debug Static (with -e option)|x64
		{4B60F044-BAA7-43A0-94FF-2029EAB0C89D}.Debug Static (with -e option)|x86.ActiveCfg = Debug Static (with -e option)|Win32
		{4B60F044-BAA7-43A0-94FF-2029EAB0C89D}.Debug Static (with -e option)|x86.Build.0 = Debug Static (with -e option)|Win32
		{4B60F044-BAA7-43A0-94FF-2029EAB0C89D}.Debug Static|x64.ActiveCfg = Debug Static|x64
		{4B60F044-BAA7-43A0-94FF-2029EAB0C89D}.Debug Static|x64.Build.0 = Debug Static|x64
		{4B60F044-BAA7-43A0-94FF-2029EAB0C89D}.Debug Static|x86.ActiveCfg = Debug Static|Win32
		{4B60F044-BAA7-43A0-94FF-2029EAB0C89D}.Debug Static|x86.Build.0 = Debug Static|Win32
		{4B60F044-BAA7-43A0-94FF-2029EAB0C89D}.Debug|x64.ActiveCfg = Debug|x64
		{4B60F044-BAA7-43A0-94FF-2029EAB0C89D}.Debug|x64.Build.0 = Debug|x64
		{4B60F044-BAA7-43A0-94FF-2029EAB0C89D}.Debug|x86.ActiveCfg = Debug|Win32
		{4B60F044-BAA7-43A0-94FF-2029EAB0C89D}.Debug|x86.Build.0 = Debug|Win32
		{4B60F044-BAA7-43A0-94FF-2029EAB0C89D}.Release (with -e option)|x64.ActiveCfg = Release (with -e option)|x64
		{4B60F044-BAA7-43A0-94FF-2029EAB0C89D}.Release (with -e option)|x64.Build.0 = Release (with -e option)|x64
		{4B60F044-BAA7-43A0-94FF-2029EAB0C89D}.Release (with -e option)|x86.ActiveCfg = Release (with -e option)|Win32
		{4B60F044-BAA7-43A0-94FF-2029EAB0C89D}.Release (with -e option)|x86.Build.0 = Release (with -e option)|Win32
		{4B60F044-BAA7-43A0-94FF-2029EAB0C89D}.Release Static (with -e option)|x64.ActiveCfg = Release Static (with -e option)|x64
		{4B60F044-BAA7-43A0-94FF-2029EAB0C89D}.Release Static (with -e option)|x64.Build.0 = Release Static (with -e option)|x64
		{4B60F044-BAA7-43A0-94FF-2029EAB0C89D}.Release Static (with -e option)|x86.ActiveCfg = Release Static (with -e option)|Win32
		{4B60F044-BAA7-43A0-94FF-2029EAB0C89D}.Release Static (with -e option)|x86.Build.0 = Release Static (with -e option)|Win32
		{4B60F044-BAA7-43A0-94FF-2029EAB0C89D}.Release Static|x64.ActiveCfg = Release Static|x64
		{4B60F044-BAA7-43A0-94FF-2029EAB0C89D}.Release Static|x64.Build.0 = Release Static|x64
		{4B60F044-BAA7-43A0-94FF-2029EAB0C89D}.Release Static|x86.ActiveCfg = Release Static|Win32
		{4B60F044-BAA7-43A0-94FF-2029EAB0C89D}.Release Static|x86.Build.0 = Release Static|Win32
		{4B60F044-BAA7-43A0-94FF-2029EAB0C89D}.Release|x64.ActiveCfg = Release|x64
		{4B60F044-BAA7-43A0-94FF-2029EAB0C89D}.Release|x64.Build.0 = Release|x64
		{4B60F044-BAA7-43A0-94FF-2029EAB0C89D}.Release|x86.ActiveCfg = Release|Win32
		{4B60F044-BAA7-43A0-94FF-2029EAB0C89D}.Release|x86.Build.0 = Release|Win32
	EndGlobalSection
	GlobalSection(SolutionProperties) = preSolution
		HideSolutionNode = FALSE
	EndGlobalSection
	GlobalSection(ExtensibilityGlobals) = postSolution
		SolutionGuid = {92FA018B-5B89-4B08-858A-3979AFD1A0BE}
	EndGlobalSection
EndGlobal
